
Microsoft Visual Studio Solution File, Format Version 12.00
# Visual Studio Version 17
VisualStudioVersion = 17.12.35707.178 d17.12
MinimumVisualStudioVersion = 10.0.40219.1
Project("{FAE04EC0-301F-11D3-BF4B-00C04F79EFBC}") = "Practica2", "Practica2\Practica2.csproj", "{E97E39E3-1A09-45D2-B0C2-40FD6BA0D82E}"
EndProject
Global
	GlobalSection(SolutionConfigurationPlatforms) = preSolution
		Debug|Any CPU = Debug|Any CPU
		Release|Any CPU = Release|Any CPU
	EndGlobalSection
	GlobalSection(ProjectConfigurationPlatforms) = postSolution
		{E97E39E3-1A09-45D2-B0C2-40FD6BA0D82E}.Debug|Any CPU.ActiveCfg = Debug|Any CPU
		{E97E39E3-1A09-45D2-B0C2-40FD6BA0D82E}.Debug|Any CPU.Build.0 = Debug|Any CPU
		{E97E39E3-1A09-45D2-B0C2-40FD6BA0D82E}.Release|Any CPU.ActiveCfg = Release|Any CPU
		{E97E39E3-1A09-45D2-B0C2-40FD6BA0D82E}.Release|Any CPU.Build.0 = Release|Any CPU
	EndGlobalSection
	GlobalSection(SolutionProperties) = preSolution
		HideSolutionNode = FALSE
	EndGlobalSection
EndGlobal
